
Microsoft Visual Studio Solution File, Format Version 12.00
# Visual Studio 2013
VisualStudioVersion = 12.0.21005.1
MinimumVisualStudioVersion = 10.0.40219.1
Project("{2150E333-8FDC-42A3-9474-1A3956D46DE8}") = "UIApp", "UIApp", "{2EA5E627-2486-4013-ABE8-0CC136D1BAEB}"
EndProject
Project("{2150E333-8FDC-42A3-9474-1A3956D46DE8}") = "Plugin", "Plugin", "{6C9357F0-AB8D-474B-91A8-062EC8C32D49}"
EndProject
Project("{2150E333-8FDC-42A3-9474-1A3956D46DE8}") = "Domain", "Domain", "{DA6E29CD-269C-4877-90FC-D39E4A215EED}"
EndProject
Project("{2150E333-8FDC-42A3-9474-1A3956D46DE8}") = "Framework", "Framework", "{E17B08BD-867A-41F2-A9DD-79E8633AA61E}"
EndProject
Project("{2150E333-8FDC-42A3-9474-1A3956D46DE8}") = "Service", "Service", "{B9E78DB4-334A-4AD7-8EA9-671B2BBBCD3F}"
EndProject
Project("{2150E333-8FDC-42A3-9474-1A3956D46DE8}") = "DbAccess", "DbAccess", "{82B408A9-94BF-48D0-926D-F8CF28D60D71}"
EndProject
Project("{2150E333-8FDC-42A3-9474-1A3956D46DE8}") = "Cache", "Cache", "{D594E550-2775-47F9-B03F-A420A070F5EA}"
EndProject
Project("{FAE04EC0-301F-11D3-BF4B-00C04F79EFBC}") = "sp.xmlrpc", "Source_Code\Plugins\sp.xmlrpc\sp.xmlrpc.csproj", "{001DD5EA-55F2-45FA-897F-5914FFA5AA7D}"
EndProject
Project("{FAE04EC0-301F-11D3-BF4B-00C04F79EFBC}") = "AtNet.Cms.Domain.Interface", "Source_Code\Domain\Ops.Cms.Domain.Interface\AtNet.Cms.Domain.Interface.csproj", "{DB45CA62-9B89-4ABE-9ED2-54B45175D37B}"
EndProject
Project("{FAE04EC0-301F-11D3-BF4B-00C04F79EFBC}") = "AtNet.Cms.Domain.Implement.Site", "Source_Code\Domain\Ops.Cms.Domain.Implement.Site\AtNet.Cms.Domain.Implement.Site.csproj", "{2A596A39-7197-4932-B30B-3AE4EE10FDFC}"
EndProject
Project("{FAE04EC0-301F-11D3-BF4B-00C04F79EFBC}") = "AtNet.Cms.Infrastructure", "Source_Code\Framework\Ops.Cms.Infrastructure\AtNet.Cms.Infrastructure.csproj", "{28221385-8873-45F3-AFD6-611DFD041BEC}"
EndProject
Project("{FAE04EC0-301F-11D3-BF4B-00C04F79EFBC}") = "AtNet.Cms.Core", "Source_Code\Framework\Ops.Cms.Core\AtNet.Cms.Core.csproj", "{C3841A42-DF60-43BB-BC3C-03185CF0216D}"
EndProject
Project("{FAE04EC0-301F-11D3-BF4B-00C04F79EFBC}") = "AtNet.Cms.Utility", "Source_Code\Framework\Ops.Cms.Untility\AtNet.Cms.Utility.csproj", "{8900AD79-B3A2-41C4-8AF9-DEABB249FD47}"
EndProject
Project("{FAE04EC0-301F-11D3-BF4B-00C04F79EFBC}") = "AtNet.Cms.Cache", "Source_Code\Framework\Ops.Cms.Cache\AtNet.Cms.Cache.csproj", "{F8362C26-B7F2-4A9C-AA1C-D2C943EA8621}"
EndProject
Project("{FAE04EC0-301F-11D3-BF4B-00C04F79EFBC}") = "AtNet.Cms.DB", "Source_Code\Framework\Ops.Cms.DB\AtNet.Cms.DB.csproj", "{79258EC8-3CF2-496C-B81B-08B8392FD46A}"
EndProject
Project("{FAE04EC0-301F-11D3-BF4B-00C04F79EFBC}") = "AtNet.Cms.Service", "Source_Code\Service\Ops.Cms.Service\AtNet.Cms.Service.csproj", "{477203F2-8A7F-4CEA-B17E-21F8B35A8B22}"
EndProject
Project("{FAE04EC0-301F-11D3-BF4B-00C04F79EFBC}") = "AtNet.Cms.ServiceUtil", "Source_Code\Service\Ops.Cms.ServiceUtil\AtNet.Cms.ServiceUtil.csproj", "{1B43FBD5-8E31-4688-9B25-A63378D375F2}"
EndProject
Project("{FAE04EC0-301F-11D3-BF4B-00C04F79EFBC}") = "AtNet.Cms.DataTransfer", "Source_Code\Service\Ops.Cms.DataTransfer\AtNet.Cms.DataTransfer.csproj", "{A925A0E7-22D6-4DA7-8B75-87AA0D6D6E24}"
EndProject
Project("{FAE04EC0-301F-11D3-BF4B-00C04F79EFBC}") = "AtNet.Cms.ServiceRepository", "Source_Code\Service\Ops.Cms.SiteRepository\AtNet.Cms.ServiceRepository.csproj", "{1C4825EC-9E24-4F71-8CF4-FB521C982130}"
EndProject
Project("{FAE04EC0-301F-11D3-BF4B-00C04F79EFBC}") = "AtNet.Cms.ServiceContract", "Source_Code\Service\Ops.Cms.ServiceContract\AtNet.Cms.ServiceContract.csproj", "{F512899C-B4C9-465F-A3DB-8E511C92A8A8}"
EndProject
Project("{FAE04EC0-301F-11D3-BF4B-00C04F79EFBC}") = "AtNet.Cms.CacheService", "Source_Code\Cache\Ops.Cms.CacheService\AtNet.Cms.CacheService.csproj", "{D40B1FB7-00F9-4D07-B034-EB51AB99E447}"
EndProject
Project("{FAE04EC0-301F-11D3-BF4B-00C04F79EFBC}") = "AtNet.Cms.Domain.Implement.Content", "Source_Code\Domain\Ops.Cms.Domain.Implement.Content\AtNet.Cms.Domain.Implement.Content.csproj", "{531376BA-75A2-4808-A63F-3B41DEB1EDD9}"
EndProject
Project("{FAE04EC0-301F-11D3-BF4B-00C04F79EFBC}") = "AtNet.Cms.Bootstrap", "Source_Code\Framework\Ops.Cms.Bootstrap\AtNet.Cms.Bootstrap.csproj", "{2EB653EE-44F3-43A4-9CA3-F5F86418B42C}"
EndProject
Project("{2150E333-8FDC-42A3-9474-1A3956D46DE8}") = "UnitTest", "UnitTest", "{408AB9CE-4C41-4BF3-9C2E-EDD96D4ECB92}"
EndProject
Project("{FAE04EC0-301F-11D3-BF4B-00C04F79EFBC}") = "UnitTest", "Source_Code\UnitTest\UnitTest\UnitTest.csproj", "{597265C4-149C-431E-BADF-7B1CC58386DC}"
EndProject
Project("{FAE04EC0-301F-11D3-BF4B-00C04F79EFBC}") = "Ops.Cms.PluginExample", "Source_Code\Plugins\Ops.Cms.PluginExsample\Ops.Cms.PluginExample.csproj", "{C419E4B7-8122-4A3D-A11F-F68993B4E9BF}"
EndProject
Project("{FAE04EC0-301F-11D3-BF4B-00C04F79EFBC}") = "sp.datapicker", "Source_Code\Plugins\sp.datapicker\sp.datapicker.csproj", "{63764DFD-7388-4485-8F39-7D20E7F05E0B}"
EndProject
Project("{FAE04EC0-301F-11D3-BF4B-00C04F79EFBC}") = "com.plugin.sso", "Source_Code\Plugins\com.plugin.sso\com.plugin.sso.csproj", "{82C82959-AF55-4B42-AA60-6F0601AC4A6D}"
EndProject
Project("{2150E333-8FDC-42A3-9474-1A3956D46DE8}") = "Extend", "Extend", "{2D226E79-6270-484C-AE33-ABCD609C94B7}"
EndProject
Project("{FAE04EC0-301F-11D3-BF4B-00C04F79EFBC}") = "AtNet.Cms.Extend", "Source_Code\Extend\Ops.Cms.Extend\AtNet.Cms.Extend.csproj", "{A05FEA7B-9BF8-4265-95E5-1B9D6AECA379}"
EndProject
Project("{FAE04EC0-301F-11D3-BF4B-00C04F79EFBC}") = "AtNet.Cms.WebUI", "Source_Code\UIApp\AtNet.Cms.WebUI\AtNet.Cms.WebUI.csproj", "{FF0226AA-66A9-413C-B928-29EA1E821906}"
EndProject
Project("{FAE04EC0-301F-11D3-BF4B-00C04F79EFBC}") = "AtNet.Cms.BLL", "Source_Code\DbAccess\AtNet.Cms.BLL\AtNet.Cms.BLL.csproj", "{39BCB411-39CA-4635-9C9B-F9FBAE40058E}"
EndProject
Project("{FAE04EC0-301F-11D3-BF4B-00C04F79EFBC}") = "AtNet.Cms.DAL", "Source_Code\DbAccess\AtNet.Cms.DAL\AtNet.Cms.DAL.csproj", "{38F82F91-B4A2-44BB-874B-177CE175A82A}"
EndProject
Project("{FAE04EC0-301F-11D3-BF4B-00C04F79EFBC}") = "AtNet.Cms.IDAL", "Source_Code\DbAccess\AtNet.Cms.IDAL\AtNet.Cms.IDAL.csproj", "{2D220632-1FC1-4E5F-8F6D-399F742724C9}"
EndProject
Project("{FAE04EC0-301F-11D3-BF4B-00C04F79EFBC}") = "AtNet.Cms.Sql", "Source_Code\DbAccess\AtNet.Cms.SQLPack\AtNet.Cms.Sql.csproj", "{5311C666-327D-4182-9AF8-24CD0E87FCC7}"
EndProject
Project("{2150E333-8FDC-42A3-9474-1A3956D46DE8}") = "Implements", "Implements", "{1DAE2646-0B66-4498-8266-43414EA2D704}"
EndProject
Project("{FAE04EC0-301F-11D3-BF4B-00C04F79EFBC}") = "AtNet.Cms.Web", "Source_Code\Implements\AtNet.Cms.Web\AtNet.Cms.Web.csproj", "{940D0F3B-B28A-4759-B9AE-3C54AAC4036D}"
EndProject
Global
	GlobalSection(SolutionConfigurationPlatforms) = preSolution
		Debug|Any CPU = Debug|Any CPU
		Release|Any CPU = Release|Any CPU
	EndGlobalSection
	GlobalSection(ProjectConfigurationPlatforms) = postSolution
		{001DD5EA-55F2-45FA-897F-5914FFA5AA7D}.Debug|Any CPU.ActiveCfg = Debug|Any CPU
		{001DD5EA-55F2-45FA-897F-5914FFA5AA7D}.Debug|Any CPU.Build.0 = Debug|Any CPU
		{001DD5EA-55F2-45FA-897F-5914FFA5AA7D}.Release|Any CPU.ActiveCfg = Release|Any CPU
		{001DD5EA-55F2-45FA-897F-5914FFA5AA7D}.Release|Any CPU.Build.0 = Release|Any CPU
		{DB45CA62-9B89-4ABE-9ED2-54B45175D37B}.Debug|Any CPU.ActiveCfg = Debug|Any CPU
		{DB45CA62-9B89-4ABE-9ED2-54B45175D37B}.Debug|Any CPU.Build.0 = Debug|Any CPU
		{DB45CA62-9B89-4ABE-9ED2-54B45175D37B}.Release|Any CPU.ActiveCfg = Release|Any CPU
		{DB45CA62-9B89-4ABE-9ED2-54B45175D37B}.Release|Any CPU.Build.0 = Release|Any CPU
		{2A596A39-7197-4932-B30B-3AE4EE10FDFC}.Debug|Any CPU.ActiveCfg = Debug|Any CPU
		{2A596A39-7197-4932-B30B-3AE4EE10FDFC}.Debug|Any CPU.Build.0 = Debug|Any CPU
		{2A596A39-7197-4932-B30B-3AE4EE10FDFC}.Release|Any CPU.ActiveCfg = Release|Any CPU
		{2A596A39-7197-4932-B30B-3AE4EE10FDFC}.Release|Any CPU.Build.0 = Release|Any CPU
		{28221385-8873-45F3-AFD6-611DFD041BEC}.Debug|Any CPU.ActiveCfg = Debug|Any CPU
		{28221385-8873-45F3-AFD6-611DFD041BEC}.Debug|Any CPU.Build.0 = Debug|Any CPU
		{28221385-8873-45F3-AFD6-611DFD041BEC}.Release|Any CPU.ActiveCfg = Release|Any CPU
		{28221385-8873-45F3-AFD6-611DFD041BEC}.Release|Any CPU.Build.0 = Release|Any CPU
		{C3841A42-DF60-43BB-BC3C-03185CF0216D}.Debug|Any CPU.ActiveCfg = Debug|Any CPU
		{C3841A42-DF60-43BB-BC3C-03185CF0216D}.Debug|Any CPU.Build.0 = Debug|Any CPU
		{C3841A42-DF60-43BB-BC3C-03185CF0216D}.Release|Any CPU.ActiveCfg = Release|Any CPU
		{C3841A42-DF60-43BB-BC3C-03185CF0216D}.Release|Any CPU.Build.0 = Release|Any CPU
		{8900AD79-B3A2-41C4-8AF9-DEABB249FD47}.Debug|Any CPU.ActiveCfg = Debug|Any CPU
		{8900AD79-B3A2-41C4-8AF9-DEABB249FD47}.Debug|Any CPU.Build.0 = Debug|Any CPU
		{8900AD79-B3A2-41C4-8AF9-DEABB249FD47}.Release|Any CPU.ActiveCfg = Release|Any CPU
		{8900AD79-B3A2-41C4-8AF9-DEABB249FD47}.Release|Any CPU.Build.0 = Release|Any CPU
		{F8362C26-B7F2-4A9C-AA1C-D2C943EA8621}.Debug|Any CPU.ActiveCfg = Debug|Any CPU
		{F8362C26-B7F2-4A9C-AA1C-D2C943EA8621}.Debug|Any CPU.Build.0 = Debug|Any CPU
		{F8362C26-B7F2-4A9C-AA1C-D2C943EA8621}.Release|Any CPU.ActiveCfg = Release|Any CPU
		{F8362C26-B7F2-4A9C-AA1C-D2C943EA8621}.Release|Any CPU.Build.0 = Release|Any CPU
		{79258EC8-3CF2-496C-B81B-08B8392FD46A}.Debug|Any CPU.ActiveCfg = Debug|Any CPU
		{79258EC8-3CF2-496C-B81B-08B8392FD46A}.Debug|Any CPU.Build.0 = Debug|Any CPU
		{79258EC8-3CF2-496C-B81B-08B8392FD46A}.Release|Any CPU.ActiveCfg = Release|Any CPU
		{79258EC8-3CF2-496C-B81B-08B8392FD46A}.Release|Any CPU.Build.0 = Release|Any CPU
		{477203F2-8A7F-4CEA-B17E-21F8B35A8B22}.Debug|Any CPU.ActiveCfg = Debug|Any CPU
		{477203F2-8A7F-4CEA-B17E-21F8B35A8B22}.Debug|Any CPU.Build.0 = Debug|Any CPU
		{477203F2-8A7F-4CEA-B17E-21F8B35A8B22}.Release|Any CPU.ActiveCfg = Release|Any CPU
		{477203F2-8A7F-4CEA-B17E-21F8B35A8B22}.Release|Any CPU.Build.0 = Release|Any CPU
		{1B43FBD5-8E31-4688-9B25-A63378D375F2}.Debug|Any CPU.ActiveCfg = Debug|Any CPU
		{1B43FBD5-8E31-4688-9B25-A63378D375F2}.Debug|Any CPU.Build.0 = Debug|Any CPU
		{1B43FBD5-8E31-4688-9B25-A63378D375F2}.Release|Any CPU.ActiveCfg = Release|Any CPU
		{1B43FBD5-8E31-4688-9B25-A63378D375F2}.Release|Any CPU.Build.0 = Release|Any CPU
		{A925A0E7-22D6-4DA7-8B75-87AA0D6D6E24}.Debug|Any CPU.ActiveCfg = Debug|Any CPU
		{A925A0E7-22D6-4DA7-8B75-87AA0D6D6E24}.Debug|Any CPU.Build.0 = Debug|Any CPU
		{A925A0E7-22D6-4DA7-8B75-87AA0D6D6E24}.Release|Any CPU.ActiveCfg = Release|Any CPU
		{A925A0E7-22D6-4DA7-8B75-87AA0D6D6E24}.Release|Any CPU.Build.0 = Release|Any CPU
		{1C4825EC-9E24-4F71-8CF4-FB521C982130}.Debug|Any CPU.ActiveCfg = Debug|Any CPU
		{1C4825EC-9E24-4F71-8CF4-FB521C982130}.Debug|Any CPU.Build.0 = Debug|Any CPU
		{1C4825EC-9E24-4F71-8CF4-FB521C982130}.Release|Any CPU.ActiveCfg = Release|Any CPU
		{1C4825EC-9E24-4F71-8CF4-FB521C982130}.Release|Any CPU.Build.0 = Release|Any CPU
		{F512899C-B4C9-465F-A3DB-8E511C92A8A8}.Debug|Any CPU.ActiveCfg = Debug|Any CPU
		{F512899C-B4C9-465F-A3DB-8E511C92A8A8}.Debug|Any CPU.Build.0 = Debug|Any CPU
		{F512899C-B4C9-465F-A3DB-8E511C92A8A8}.Release|Any CPU.ActiveCfg = Release|Any CPU
		{F512899C-B4C9-465F-A3DB-8E511C92A8A8}.Release|Any CPU.Build.0 = Release|Any CPU
		{D40B1FB7-00F9-4D07-B034-EB51AB99E447}.Debug|Any CPU.ActiveCfg = Debug|Any CPU
		{D40B1FB7-00F9-4D07-B034-EB51AB99E447}.Debug|Any CPU.Build.0 = Debug|Any CPU
		{D40B1FB7-00F9-4D07-B034-EB51AB99E447}.Release|Any CPU.ActiveCfg = Release|Any CPU
		{D40B1FB7-00F9-4D07-B034-EB51AB99E447}.Release|Any CPU.Build.0 = Release|Any CPU
		{531376BA-75A2-4808-A63F-3B41DEB1EDD9}.Debug|Any CPU.ActiveCfg = Debug|Any CPU
		{531376BA-75A2-4808-A63F-3B41DEB1EDD9}.Debug|Any CPU.Build.0 = Debug|Any CPU
		{531376BA-75A2-4808-A63F-3B41DEB1EDD9}.Release|Any CPU.ActiveCfg = Release|Any CPU
		{531376BA-75A2-4808-A63F-3B41DEB1EDD9}.Release|Any CPU.Build.0 = Release|Any CPU
		{2EB653EE-44F3-43A4-9CA3-F5F86418B42C}.Debug|Any CPU.ActiveCfg = Debug|Any CPU
		{2EB653EE-44F3-43A4-9CA3-F5F86418B42C}.Debug|Any CPU.Build.0 = Debug|Any CPU
		{2EB653EE-44F3-43A4-9CA3-F5F86418B42C}.Release|Any CPU.ActiveCfg = Release|Any CPU
		{2EB653EE-44F3-43A4-9CA3-F5F86418B42C}.Release|Any CPU.Build.0 = Release|Any CPU
		{597265C4-149C-431E-BADF-7B1CC58386DC}.Debug|Any CPU.ActiveCfg = Debug|Any CPU
		{597265C4-149C-431E-BADF-7B1CC58386DC}.Debug|Any CPU.Build.0 = Debug|Any CPU
		{597265C4-149C-431E-BADF-7B1CC58386DC}.Release|Any CPU.ActiveCfg = Release|Any CPU
		{597265C4-149C-431E-BADF-7B1CC58386DC}.Release|Any CPU.Build.0 = Release|Any CPU
		{C419E4B7-8122-4A3D-A11F-F68993B4E9BF}.Debug|Any CPU.ActiveCfg = Debug|Any CPU
		{C419E4B7-8122-4A3D-A11F-F68993B4E9BF}.Debug|Any CPU.Build.0 = Debug|Any CPU
		{C419E4B7-8122-4A3D-A11F-F68993B4E9BF}.Release|Any CPU.ActiveCfg = Release|Any CPU
		{C419E4B7-8122-4A3D-A11F-F68993B4E9BF}.Release|Any CPU.Build.0 = Release|Any CPU
		{63764DFD-7388-4485-8F39-7D20E7F05E0B}.Debug|Any CPU.ActiveCfg = Debug|Any CPU
		{63764DFD-7388-4485-8F39-7D20E7F05E0B}.Debug|Any CPU.Build.0 = Debug|Any CPU
		{63764DFD-7388-4485-8F39-7D20E7F05E0B}.Release|Any CPU.ActiveCfg = Release|Any CPU
		{63764DFD-7388-4485-8F39-7D20E7F05E0B}.Release|Any CPU.Build.0 = Release|Any CPU
		{82C82959-AF55-4B42-AA60-6F0601AC4A6D}.Debug|Any CPU.ActiveCfg = Debug|Any CPU
		{82C82959-AF55-4B42-AA60-6F0601AC4A6D}.Debug|Any CPU.Build.0 = Debug|Any CPU
		{82C82959-AF55-4B42-AA60-6F0601AC4A6D}.Release|Any CPU.ActiveCfg = Release|Any CPU
		{82C82959-AF55-4B42-AA60-6F0601AC4A6D}.Release|Any CPU.Build.0 = Release|Any CPU
		{A05FEA7B-9BF8-4265-95E5-1B9D6AECA379}.Debug|Any CPU.ActiveCfg = Debug|Any CPU
		{A05FEA7B-9BF8-4265-95E5-1B9D6AECA379}.Debug|Any CPU.Build.0 = Debug|Any CPU
		{A05FEA7B-9BF8-4265-95E5-1B9D6AECA379}.Release|Any CPU.ActiveCfg = Release|Any CPU
		{A05FEA7B-9BF8-4265-95E5-1B9D6AECA379}.Release|Any CPU.Build.0 = Release|Any CPU
		{FF0226AA-66A9-413C-B928-29EA1E821906}.Debug|Any CPU.ActiveCfg = Debug|Any CPU
		{FF0226AA-66A9-413C-B928-29EA1E821906}.Debug|Any CPU.Build.0 = Debug|Any CPU
		{FF0226AA-66A9-413C-B928-29EA1E821906}.Release|Any CPU.ActiveCfg = Release|Any CPU
		{FF0226AA-66A9-413C-B928-29EA1E821906}.Release|Any CPU.Build.0 = Release|Any CPU
		{39BCB411-39CA-4635-9C9B-F9FBAE40058E}.Debug|Any CPU.ActiveCfg = Debug|Any CPU
		{39BCB411-39CA-4635-9C9B-F9FBAE40058E}.Debug|Any CPU.Build.0 = Debug|Any CPU
		{39BCB411-39CA-4635-9C9B-F9FBAE40058E}.Release|Any CPU.ActiveCfg = Release|Any CPU
		{39BCB411-39CA-4635-9C9B-F9FBAE40058E}.Release|Any CPU.Build.0 = Release|Any CPU
		{38F82F91-B4A2-44BB-874B-177CE175A82A}.Debug|Any CPU.ActiveCfg = Debug|Any CPU
		{38F82F91-B4A2-44BB-874B-177CE175A82A}.Debug|Any CPU.Build.0 = Debug|Any CPU
		{38F82F91-B4A2-44BB-874B-177CE175A82A}.Release|Any CPU.ActiveCfg = Release|Any CPU
		{38F82F91-B4A2-44BB-874B-177CE175A82A}.Release|Any CPU.Build.0 = Release|Any CPU
		{2D220632-1FC1-4E5F-8F6D-399F742724C9}.Debug|Any CPU.ActiveCfg = Debug|Any CPU
		{2D220632-1FC1-4E5F-8F6D-399F742724C9}.Debug|Any CPU.Build.0 = Debug|Any CPU
		{2D220632-1FC1-4E5F-8F6D-399F742724C9}.Release|Any CPU.ActiveCfg = Release|Any CPU
		{2D220632-1FC1-4E5F-8F6D-399F742724C9}.Release|Any CPU.Build.0 = Release|Any CPU
		{5311C666-327D-4182-9AF8-24CD0E87FCC7}.Debug|Any CPU.ActiveCfg = Debug|Any CPU
		{5311C666-327D-4182-9AF8-24CD0E87FCC7}.Debug|Any CPU.Build.0 = Debug|Any CPU
		{5311C666-327D-4182-9AF8-24CD0E87FCC7}.Release|Any CPU.ActiveCfg = Release|Any CPU
		{5311C666-327D-4182-9AF8-24CD0E87FCC7}.Release|Any CPU.Build.0 = Release|Any CPU
		{940D0F3B-B28A-4759-B9AE-3C54AAC4036D}.Debug|Any CPU.ActiveCfg = Debug|Any CPU
		{940D0F3B-B28A-4759-B9AE-3C54AAC4036D}.Debug|Any CPU.Build.0 = Debug|Any CPU
		{940D0F3B-B28A-4759-B9AE-3C54AAC4036D}.Release|Any CPU.ActiveCfg = Release|Any CPU
		{940D0F3B-B28A-4759-B9AE-3C54AAC4036D}.Release|Any CPU.Build.0 = Release|Any CPU
	EndGlobalSection
	GlobalSection(SolutionProperties) = preSolution
		HideSolutionNode = FALSE
	EndGlobalSection
	GlobalSection(NestedProjects) = preSolution
		{FF0226AA-66A9-413C-B928-29EA1E821906} = {2EA5E627-2486-4013-ABE8-0CC136D1BAEB}
		{001DD5EA-55F2-45FA-897F-5914FFA5AA7D} = {6C9357F0-AB8D-474B-91A8-062EC8C32D49}
		{C419E4B7-8122-4A3D-A11F-F68993B4E9BF} = {6C9357F0-AB8D-474B-91A8-062EC8C32D49}
		{63764DFD-7388-4485-8F39-7D20E7F05E0B} = {6C9357F0-AB8D-474B-91A8-062EC8C32D49}
		{82C82959-AF55-4B42-AA60-6F0601AC4A6D} = {6C9357F0-AB8D-474B-91A8-062EC8C32D49}
		{DB45CA62-9B89-4ABE-9ED2-54B45175D37B} = {DA6E29CD-269C-4877-90FC-D39E4A215EED}
		{2A596A39-7197-4932-B30B-3AE4EE10FDFC} = {DA6E29CD-269C-4877-90FC-D39E4A215EED}
		{531376BA-75A2-4808-A63F-3B41DEB1EDD9} = {DA6E29CD-269C-4877-90FC-D39E4A215EED}
		{28221385-8873-45F3-AFD6-611DFD041BEC} = {E17B08BD-867A-41F2-A9DD-79E8633AA61E}
		{C3841A42-DF60-43BB-BC3C-03185CF0216D} = {E17B08BD-867A-41F2-A9DD-79E8633AA61E}
		{8900AD79-B3A2-41C4-8AF9-DEABB249FD47} = {E17B08BD-867A-41F2-A9DD-79E8633AA61E}
		{F8362C26-B7F2-4A9C-AA1C-D2C943EA8621} = {E17B08BD-867A-41F2-A9DD-79E8633AA61E}
		{79258EC8-3CF2-496C-B81B-08B8392FD46A} = {E17B08BD-867A-41F2-A9DD-79E8633AA61E}
		{2EB653EE-44F3-43A4-9CA3-F5F86418B42C} = {E17B08BD-867A-41F2-A9DD-79E8633AA61E}
		{477203F2-8A7F-4CEA-B17E-21F8B35A8B22} = {B9E78DB4-334A-4AD7-8EA9-671B2BBBCD3F}
		{1B43FBD5-8E31-4688-9B25-A63378D375F2} = {B9E78DB4-334A-4AD7-8EA9-671B2BBBCD3F}
		{A925A0E7-22D6-4DA7-8B75-87AA0D6D6E24} = {B9E78DB4-334A-4AD7-8EA9-671B2BBBCD3F}
		{1C4825EC-9E24-4F71-8CF4-FB521C982130} = {B9E78DB4-334A-4AD7-8EA9-671B2BBBCD3F}
		{F512899C-B4C9-465F-A3DB-8E511C92A8A8} = {B9E78DB4-334A-4AD7-8EA9-671B2BBBCD3F}
		{39BCB411-39CA-4635-9C9B-F9FBAE40058E} = {82B408A9-94BF-48D0-926D-F8CF28D60D71}
		{38F82F91-B4A2-44BB-874B-177CE175A82A} = {82B408A9-94BF-48D0-926D-F8CF28D60D71}
		{2D220632-1FC1-4E5F-8F6D-399F742724C9} = {82B408A9-94BF-48D0-926D-F8CF28D60D71}
		{5311C666-327D-4182-9AF8-24CD0E87FCC7} = {82B408A9-94BF-48D0-926D-F8CF28D60D71}
		{D40B1FB7-00F9-4D07-B034-EB51AB99E447} = {D594E550-2775-47F9-B03F-A420A070F5EA}
		{597265C4-149C-431E-BADF-7B1CC58386DC} = {408AB9CE-4C41-4BF3-9C2E-EDD96D4ECB92}
		{A05FEA7B-9BF8-4265-95E5-1B9D6AECA379} = {2D226E79-6270-484C-AE33-ABCD609C94B7}
		{940D0F3B-B28A-4759-B9AE-3C54AAC4036D} = {1DAE2646-0B66-4498-8266-43414EA2D704}
	EndGlobalSection
	GlobalSection(MonoDevelopProperties) = preSolution
		StartupItem = Source_Code\OPSite.WebLogic\OPSite.WebLogic.csproj
	EndGlobalSection
EndGlobal
