using System;
using System.Collections.Generic;
using System.Linq;
using System.Web;
using System.Web.Mvc;

namespace Cms.Web.config
{
    public class install : Controller
    {
        //
        // GET: /install/

        public ActionResult Index()
        {
            return View();
        }

    }
}
