
Microsoft Visual Studio Solution File, Format Version 12.00
# Visual Studio 15
VisualStudioVersion = 15.0.26430.4
MinimumVisualStudioVersion = 10.0.40219.1
Project("{FAE04EC0-301F-11D3-BF4B-00C04F79EFBC}") = "AppConsole", "app\AppConsole\AppConsole.csproj", "{084B59CC-0DF4-4FDD-9F66-DD0E430DE0E5}"
EndProject
Project("{FAE04EC0-301F-11D3-BF4B-00C04F79EFBC}") = "JR.Cms.WebUI", "app\JR.Cms.WebUI\JR.Cms.WebUI.csproj", "{FF0226AA-66A9-413C-B928-29EA1E821906}"
EndProject
Project("{FAE04EC0-301F-11D3-BF4B-00C04F79EFBC}") = "JR.Cms.UnitTest", "unit_test\JR.Cms.UnitTest\JR.Cms.UnitTest.csproj", "{BAE8F9FA-7B63-4CBF-807C-275C11F8B4B2}"
EndProject
Project("{FAE04EC0-301F-11D3-BF4B-00C04F79EFBC}") = "JR.Cms", "JR.Cms\JR.Cms.csproj", "{03AB663B-644F-4892-81E7-C1714EBE3381}"
EndProject
Global
	GlobalSection(SolutionConfigurationPlatforms) = preSolution
		Debug|Any CPU = Debug|Any CPU
		Release|Any CPU = Release|Any CPU
	EndGlobalSection
	GlobalSection(ProjectConfigurationPlatforms) = postSolution
		{084B59CC-0DF4-4FDD-9F66-DD0E430DE0E5}.Debug|Any CPU.ActiveCfg = Debug|Any CPU
		{084B59CC-0DF4-4FDD-9F66-DD0E430DE0E5}.Debug|Any CPU.Build.0 = Debug|Any CPU
		{084B59CC-0DF4-4FDD-9F66-DD0E430DE0E5}.Debug|Any CPU.Deploy.0 = Debug|Any CPU
		{084B59CC-0DF4-4FDD-9F66-DD0E430DE0E5}.Release|Any CPU.ActiveCfg = Release|Any CPU
		{084B59CC-0DF4-4FDD-9F66-DD0E430DE0E5}.Release|Any CPU.Build.0 = Release|Any CPU
		{FF0226AA-66A9-413C-B928-29EA1E821906}.Debug|Any CPU.ActiveCfg = Debug|Any CPU
		{FF0226AA-66A9-413C-B928-29EA1E821906}.Debug|Any CPU.Build.0 = Debug|Any CPU
		{FF0226AA-66A9-413C-B928-29EA1E821906}.Release|Any CPU.ActiveCfg = Release|Any CPU
		{FF0226AA-66A9-413C-B928-29EA1E821906}.Release|Any CPU.Build.0 = Release|Any CPU
		{BAE8F9FA-7B63-4CBF-807C-275C11F8B4B2}.Debug|Any CPU.ActiveCfg = Debug|Any CPU
		{BAE8F9FA-7B63-4CBF-807C-275C11F8B4B2}.Debug|Any CPU.Build.0 = Debug|Any CPU
		{BAE8F9FA-7B63-4CBF-807C-275C11F8B4B2}.Release|Any CPU.ActiveCfg = Release|Any CPU
		{BAE8F9FA-7B63-4CBF-807C-275C11F8B4B2}.Release|Any CPU.Build.0 = Release|Any CPU
		{03AB663B-644F-4892-81E7-C1714EBE3381}.Debug|Any CPU.ActiveCfg = Debug|Any CPU
		{03AB663B-644F-4892-81E7-C1714EBE3381}.Debug|Any CPU.Build.0 = Debug|Any CPU
		{03AB663B-644F-4892-81E7-C1714EBE3381}.Release|Any CPU.ActiveCfg = Release|Any CPU
		{03AB663B-644F-4892-81E7-C1714EBE3381}.Release|Any CPU.Build.0 = Release|Any CPU
	EndGlobalSection
	GlobalSection(SolutionProperties) = preSolution
		HideSolutionNode = FALSE
	EndGlobalSection
	GlobalSection(NestedProjects) = preSolution
	EndGlobalSection
	GlobalSection(ExtensibilityGlobals) = postSolution
		SolutionGuid = {2688EF52-C7A8-4FD5-B511-E8C3897C4D16}
	EndGlobalSection
EndGlobal
